{
    "name": "@rotcetihra/ts-template-project",
    "version": "0.5.0",
    "lockfileVersion": 3,
    "requires": true,
    "packages": {
        "": {
            "name": "@rotcetihra/ts-template-project",
            "version": "0.5.0",
            "license": "MIT",
            "devDependencies": {},
            "engines": {
                "node": ">=18"
            }
        }
    }
}
